
Microsoft Visual Studio Solution File, Format Version 12.00
# Visual Studio 15
VisualStudioVersion = 15.0.26228.4
MinimumVisualStudioVersion = 10.0.40219.1
Project("{2150E333-8FDC-42A3-9474-1A3956D46DE8}") = "core", "core", "{2B4B58D5-683D-4BA6-8E6D-293B1613F12F}"
EndProject
Project("{2150E333-8FDC-42A3-9474-1A3956D46DE8}") = "extensions", "extensions", "{AA83E443-AA67-468E-9431-798D2C5C0E8F}"
EndProject
Project("{2150E333-8FDC-42A3-9474-1A3956D46DE8}") = "modules", "modules", "{09C99A87-9B06-48DE-9D6A-8BEEB10C22CF}"
EndProject
Project("{2150E333-8FDC-42A3-9474-1A3956D46DE8}") = "libraries", "libraries", "{9FD21157-1C69-4072-9F22-285139600320}"
EndProject
Project("{FAE04EC0-301F-11D3-BF4B-00C04F79EFBC}") = "Speaker", "Speaker\Speaker.csproj", "{2F8B5663-2A35-4479-A063-7D734B280A8E}"
EndProject
Project("{FAE04EC0-301F-11D3-BF4B-00C04F79EFBC}") = "Listener", "Listener\Listener.csproj", "{A8B9DD31-9309-4F31-A7F7-4FF293BEC12B}"
EndProject
Project("{FAE04EC0-301F-11D3-BF4B-00C04F79EFBC}") = "Tester", "Tester\Tester.csproj", "{82D065CE-3A7F-4FBB-A559-06999BD1B0CF}"
EndProject
Project("{FAE04EC0-301F-11D3-BF4B-00C04F79EFBC}") = "CustomControlsLibrary", "CustomControlsLibrary\CustomControlsLibrary.csproj", "{7E485461-B5C9-46A9-A828-9D4589EA219F}"
EndProject
Project("{FAE04EC0-301F-11D3-BF4B-00C04F79EFBC}") = "Viewer", "Viewer\Viewer.csproj", "{71635AB1-C483-4094-B807-09E312E488D0}"
EndProject
Project("{FAE04EC0-301F-11D3-BF4B-00C04F79EFBC}") = "GlobalDatasLibrary", "GlobalDatasLibrary\GlobalDatasLibrary.csproj", "{5129F027-805F-424A-BF57-9C6CEACFE74B}"
EndProject
Project("{FAE04EC0-301F-11D3-BF4B-00C04F79EFBC}") = "DocumentLector", "DocumentLector\DocumentLector.csproj", "{296DEF31-8442-42A2-9706-BB8A6759F087}"
EndProject
Global
	GlobalSection(SolutionConfigurationPlatforms) = preSolution
		Debug|Any CPU = Debug|Any CPU
		Release|Any CPU = Release|Any CPU
	EndGlobalSection
	GlobalSection(ProjectConfigurationPlatforms) = postSolution
		{2F8B5663-2A35-4479-A063-7D734B280A8E}.Debug|Any CPU.ActiveCfg = Debug|Any CPU
		{2F8B5663-2A35-4479-A063-7D734B280A8E}.Debug|Any CPU.Build.0 = Debug|Any CPU
		{2F8B5663-2A35-4479-A063-7D734B280A8E}.Release|Any CPU.ActiveCfg = Release|Any CPU
		{2F8B5663-2A35-4479-A063-7D734B280A8E}.Release|Any CPU.Build.0 = Release|Any CPU
		{A8B9DD31-9309-4F31-A7F7-4FF293BEC12B}.Debug|Any CPU.ActiveCfg = Debug|Any CPU
		{A8B9DD31-9309-4F31-A7F7-4FF293BEC12B}.Debug|Any CPU.Build.0 = Debug|Any CPU
		{A8B9DD31-9309-4F31-A7F7-4FF293BEC12B}.Release|Any CPU.ActiveCfg = Release|Any CPU
		{A8B9DD31-9309-4F31-A7F7-4FF293BEC12B}.Release|Any CPU.Build.0 = Release|Any CPU
		{82D065CE-3A7F-4FBB-A559-06999BD1B0CF}.Debug|Any CPU.ActiveCfg = Debug|Any CPU
		{82D065CE-3A7F-4FBB-A559-06999BD1B0CF}.Debug|Any CPU.Build.0 = Debug|Any CPU
		{82D065CE-3A7F-4FBB-A559-06999BD1B0CF}.Release|Any CPU.ActiveCfg = Release|Any CPU
		{82D065CE-3A7F-4FBB-A559-06999BD1B0CF}.Release|Any CPU.Build.0 = Release|Any CPU
		{7E485461-B5C9-46A9-A828-9D4589EA219F}.Debug|Any CPU.ActiveCfg = Debug|Any CPU
		{7E485461-B5C9-46A9-A828-9D4589EA219F}.Debug|Any CPU.Build.0 = Debug|Any CPU
		{7E485461-B5C9-46A9-A828-9D4589EA219F}.Release|Any CPU.ActiveCfg = Release|Any CPU
		{7E485461-B5C9-46A9-A828-9D4589EA219F}.Release|Any CPU.Build.0 = Release|Any CPU
		{71635AB1-C483-4094-B807-09E312E488D0}.Debug|Any CPU.ActiveCfg = Debug|Any CPU
		{71635AB1-C483-4094-B807-09E312E488D0}.Debug|Any CPU.Build.0 = Debug|Any CPU
		{71635AB1-C483-4094-B807-09E312E488D0}.Release|Any CPU.ActiveCfg = Release|Any CPU
		{71635AB1-C483-4094-B807-09E312E488D0}.Release|Any CPU.Build.0 = Release|Any CPU
		{5129F027-805F-424A-BF57-9C6CEACFE74B}.Debug|Any CPU.ActiveCfg = Debug|Any CPU
		{5129F027-805F-424A-BF57-9C6CEACFE74B}.Debug|Any CPU.Build.0 = Debug|Any CPU
		{5129F027-805F-424A-BF57-9C6CEACFE74B}.Release|Any CPU.ActiveCfg = Release|Any CPU
		{5129F027-805F-424A-BF57-9C6CEACFE74B}.Release|Any CPU.Build.0 = Release|Any CPU
		{296DEF31-8442-42A2-9706-BB8A6759F087}.Debug|Any CPU.ActiveCfg = Debug|Any CPU
		{296DEF31-8442-42A2-9706-BB8A6759F087}.Debug|Any CPU.Build.0 = Debug|Any CPU
		{296DEF31-8442-42A2-9706-BB8A6759F087}.Release|Any CPU.ActiveCfg = Release|Any CPU
		{296DEF31-8442-42A2-9706-BB8A6759F087}.Release|Any CPU.Build.0 = Release|Any CPU
	EndGlobalSection
	GlobalSection(SolutionProperties) = preSolution
		HideSolutionNode = FALSE
	EndGlobalSection
	GlobalSection(NestedProjects) = preSolution
		{09C99A87-9B06-48DE-9D6A-8BEEB10C22CF} = {2B4B58D5-683D-4BA6-8E6D-293B1613F12F}
		{9FD21157-1C69-4072-9F22-285139600320} = {2B4B58D5-683D-4BA6-8E6D-293B1613F12F}
		{2F8B5663-2A35-4479-A063-7D734B280A8E} = {9FD21157-1C69-4072-9F22-285139600320}
		{A8B9DD31-9309-4F31-A7F7-4FF293BEC12B} = {9FD21157-1C69-4072-9F22-285139600320}
		{82D065CE-3A7F-4FBB-A559-06999BD1B0CF} = {09C99A87-9B06-48DE-9D6A-8BEEB10C22CF}
		{7E485461-B5C9-46A9-A828-9D4589EA219F} = {9FD21157-1C69-4072-9F22-285139600320}
		{71635AB1-C483-4094-B807-09E312E488D0} = {09C99A87-9B06-48DE-9D6A-8BEEB10C22CF}
		{5129F027-805F-424A-BF57-9C6CEACFE74B} = {9FD21157-1C69-4072-9F22-285139600320}
		{296DEF31-8442-42A2-9706-BB8A6759F087} = {9FD21157-1C69-4072-9F22-285139600320}
	EndGlobalSection
EndGlobal
